// !$*UTF8*$!
{
	archiveVersion = 1;
	classes = {
	};
	objectVersion = 50;
	objects = {

/* Begin PBXBuildFile section */
		BBB7E74325DD89D80093B47F /* HWSfriendBookChallengeApp.swift in Sources */ = {isa = PBXBuildFile; fileRef = BBB7E73025DD89D60093B47F /* HWSfriendBookChallengeApp.swift */; };
		BBB7E74425DD89D80093B47F /* HWSfriendBookChallengeApp.swift in Sources */ = {isa = PBXBuildFile; fileRef = BBB7E73025DD89D60093B47F /* HWSfriendBookChallengeApp.swift */; };
		BBB7E74525DD89D80093B47F /* ContentView.swift in Sources */ = {isa = PBXBuildFile; fileRef = BBB7E73125DD89D60093B47F /* ContentView.swift */; };
		BBB7E74625DD89D80093B47F /* ContentView.swift in Sources */ = {isa = PBXBuildFile; fileRef = BBB7E73125DD89D60093B47F /* ContentView.swift */; };
		BBB7E74725DD89D80093B47F /* Assets.xcassets in Resources */ = {isa = PBXBuildFile; fileRef = BBB7E73225DD89D80093B47F /* Assets.xcassets */; };
		BBB7E74825DD89D80093B47F /* Assets.xcassets in Resources */ = {isa = PBXBuildFile; fileRef = BBB7E73225DD89D80093B47F /* Assets.xcassets */; };
		BBB7E75425DD8A480093B47F /* userDataHandler.swift in Sources */ = {isa = PBXBuildFile; fileRef = BBB7E75325DD8A480093B47F /* userDataHandler.swift */; };
		BBB7E75525DD8A480093B47F /* userDataHandler.swift in Sources */ = {isa = PBXBuildFile; fileRef = BBB7E75325DD8A480093B47F /* userDataHandler.swift */; };
/* End PBXBuildFile section */

/* Begin PBXFileReference section */
		BBB7E73025DD89D60093B47F /* HWSfriendBookChallengeApp.swift */ = {isa = PBXFileReference; lastKnownFileType = sourcecode.swift; path = HWSfriendBookChallengeApp.swift; sourceTree = "<group>"; };
		BBB7E73125DD89D60093B47F /* ContentView.swift */ = {isa = PBXFileReference; lastKnownFileType = sourcecode.swift; path = ContentView.swift; sourceTree = "<group>"; };
		BBB7E73225DD89D80093B47F /* Assets.xcassets */ = {isa = PBXFileReference; lastKnownFileType = folder.assetcatalog; path = Assets.xcassets; sourceTree = "<group>"; };
		BBB7E73725DD89D80093B47F /* HWSfriendBookChallenge.app */ = {isa = PBXFileReference; explicitFileType = wrapper.application; includeInIndex = 0; path = HWSfriendBookChallenge.app; sourceTree = BUILT_PRODUCTS_DIR; };
		BBB7E73A25DD89D80093B47F /* Info.plist */ = {isa = PBXFileReference; lastKnownFileType = text.plist.xml; path = Info.plist; sourceTree = "<group>"; };
		BBB7E73F25DD89D80093B47F /* HWSfriendBookChallenge.app */ = {isa = PBXFileReference; explicitFileType = wrapper.application; includeInIndex = 0; path = HWSfriendBookChallenge.app; sourceTree = BUILT_PRODUCTS_DIR; };
		BBB7E74125DD89D80093B47F /* Info.plist */ = {isa = PBXFileReference; lastKnownFileType = text.plist.xml; path = Info.plist; sourceTree = "<group>"; };
		BBB7E74225DD89D80093B47F /* macOS.entitlements */ = {isa = PBXFileReference; lastKnownFileType = text.plist.entitlements; path = macOS.entitlements; sourceTree = "<group>"; };
		BBB7E75325DD8A480093B47F /* userDataHandler.swift */ = {isa = PBXFileReference; lastKnownFileType = sourcecode.swift; path = userDataHandler.swift; sourceTree = "<group>"; };
/* End PBXFileReference section */

/* Begin PBXFrameworksBuildPhase section */
		BBB7E73425DD89D80093B47F /* Frameworks */ = {
			isa = PBXFrameworksBuildPhase;
			buildActionMask = 2147483647;
			files = (
			);
			runOnlyForDeploymentPostprocessing = 0;
		};
		BBB7E73C25DD89D80093B47F /* Frameworks */ = {
			isa = PBXFrameworksBuildPhase;
			buildActionMask = 2147483647;
			files = (
			);
			runOnlyForDeploymentPostprocessing = 0;
		};
/* End PBXFrameworksBuildPhase section */

/* Begin PBXGroup section */
		BBB7E72A25DD89D60093B47F = {
			isa = PBXGroup;
			children = (
				BBB7E72F25DD89D60093B47F /* Shared */,
				BBB7E73925DD89D80093B47F /* iOS */,
				BBB7E74025DD89D80093B47F /* macOS */,
				BBB7E73825DD89D80093B47F /* Products */,
			);
			sourceTree = "<group>";
		};
		BBB7E72F25DD89D60093B47F /* Shared */ = {
			isa = PBXGroup;
			children = (
				BBB7E73025DD89D60093B47F /* HWSfriendBookChallengeApp.swift */,
				BBB7E73125DD89D60093B47F /* ContentView.swift */,
				BBB7E75325DD8A480093B47F /* userDataHandler.swift */,
				BBB7E73225DD89D80093B47F /* Assets.xcassets */,
			);
			path = Shared;
			sourceTree = "<group>";
		};
		BBB7E73825DD89D80093B47F /* Products */ = {
			isa = PBXGroup;
			children = (
				BBB7E73725DD89D80093B47F /* HWSfriendBookChallenge.app */,
				BBB7E73F25DD89D80093B47F /* HWSfriendBookChallenge.app */,
			);
			name = Products;
			sourceTree = "<group>";
		};
		BBB7E73925DD89D80093B47F /* iOS */ = {
			isa = PBXGroup;
			children = (
				BBB7E73A25DD89D80093B47F /* Info.plist */,
			);
			path = iOS;
			sourceTree = "<group>";
		};
		BBB7E74025DD89D80093B47F /* macOS */ = {
			isa = PBXGroup;
			children = (
				BBB7E74125DD89D80093B47F /* Info.plist */,
				BBB7E74225DD89D80093B47F /* macOS.entitlements */,
			);
			path = macOS;
			sourceTree = "<group>";
		};
/* End PBXGroup section */

/* Begin PBXNativeTarget section */
		BBB7E73625DD89D80093B47F /* HWSfriendBookChallenge (iOS) */ = {
			isa = PBXNativeTarget;
			buildConfigurationList = BBB7E74B25DD89D80093B47F /* Build configuration list for PBXNativeTarget "HWSfriendBookChallenge (iOS)" */;
			buildPhases = (
				BBB7E73325DD89D80093B47F /* Sources */,
				BBB7E73425DD89D80093B47F /* Frameworks */,
				BBB7E73525DD89D80093B47F /* Resources */,
			);
			buildRules = (
			);
			dependencies = (
			);
			name = "HWSfriendBookChallenge (iOS)";
			productName = "HWSfriendBookChallenge (iOS)";
			productReference = BBB7E73725DD89D80093B47F /* HWSfriendBookChallenge.app */;
			productType = "com.apple.product-type.application";
		};
		BBB7E73E25DD89D80093B47F /* HWSfriendBookChallenge (macOS) */ = {
			isa = PBXNativeTarget;
			buildConfigurationList = BBB7E74E25DD89D80093B47F /* Build configuration list for PBXNativeTarget "HWSfriendBookChallenge (macOS)" */;
			buildPhases = (
				BBB7E73B25DD89D80093B47F /* Sources */,
				BBB7E73C25DD89D80093B47F /* Frameworks */,
				BBB7E73D25DD89D80093B47F /* Resources */,
			);
			buildRules = (
			);
			dependencies = (
			);
			name = "HWSfriendBookChallenge (macOS)";
			productName = "HWSfriendBookChallenge (macOS)";
			productReference = BBB7E73F25DD89D80093B47F /* HWSfriendBookChallenge.app */;
			productType = "com.apple.product-type.application";
		};
/* End PBXNativeTarget section */

/* Begin PBXProject section */
		BBB7E72B25DD89D60093B47F /* Project object */ = {
			isa = PBXProject;
			attributes = {
				LastSwiftUpdateCheck = 1240;
				LastUpgradeCheck = 1240;
				TargetAttributes = {
					BBB7E73625DD89D80093B47F = {
						CreatedOnToolsVersion = 12.4;
					};
					BBB7E73E25DD89D80093B47F = {
						CreatedOnToolsVersion = 12.4;
					};
				};
			};
			buildConfigurationList = BBB7E72E25DD89D60093B47F /* Build configuration list for PBXProject "HWSfriendBookChallenge" */;
			compatibilityVersion = "Xcode 9.3";
			developmentRegion = en;
			hasScannedForEncodings = 0;
			knownRegions = (
				en,
				Base,
			);
			mainGroup = BBB7E72A25DD89D60093B47F;
			productRefGroup = BBB7E73825DD89D80093B47F /* Products */;
			projectDirPath = "";
			projectRoot = "";
			targets = (
				BBB7E73625DD89D80093B47F /* HWSfriendBookChallenge (iOS) */,
				BBB7E73E25DD89D80093B47F /* HWSfriendBookChallenge (macOS) */,
			);
		};
/* End PBXProject section */

/* Begin PBXResourcesBuildPhase section */
		BBB7E73525DD89D80093B47F /* Resources */ = {
			isa = PBXResourcesBuildPhase;
			buildActionMask = 2147483647;
			files = (
				BBB7E74725DD89D80093B47F /* Assets.xcassets in Resources */,
			);
			runOnlyForDeploymentPostprocessing = 0;
		};
		BBB7E73D25DD89D80093B47F /* Resources */ = {
			isa = PBXResourcesBuildPhase;
			buildActionMask = 2147483647;
			files = (
				BBB7E74825DD89D80093B47F /* Assets.xcassets in Resources */,
			);
			runOnlyForDeploymentPostprocessing = 0;
		};
/* End PBXResourcesBuildPhase section */

/* Begin PBXSourcesBuildPhase section */
		BBB7E73325DD89D80093B47F /* Sources */ = {
			isa = PBXSourcesBuildPhase;
			buildActionMask = 2147483647;
			files = (
				BBB7E74525DD89D80093B47F /* ContentView.swift in Sources */,
				BBB7E74325DD89D80093B47F /* HWSfriendBookChallengeApp.swift in Sources */,
				BBB7E75425DD8A480093B47F /* userDataHandler.swift in Sources */,
			);
			runOnlyForDeploymentPostprocessing = 0;
		};
		BBB7E73B25DD89D80093B47F /* Sources */ = {
			isa = PBXSourcesBuildPhase;
			buildActionMask = 2147483647;
			files = (
				BBB7E74625DD89D80093B47F /* ContentView.swift in Sources */,
				BBB7E74425DD89D80093B47F /* HWSfriendBookChallengeApp.swift in Sources */,
				BBB7E75525DD8A480093B47F /* userDataHandler.swift in Sources */,
			);
			runOnlyForDeploymentPostprocessing = 0;
		};
/* End PBXSourcesBuildPhase section */

/* Begin XCBuildConfiguration section */
		BBB7E74925DD89D80093B47F /* Debug */ = {
			isa = XCBuildConfiguration;
			buildSettings = {
				ALWAYS_SEARCH_USER_PATHS = NO;
				CLANG_ANALYZER_NONNULL = YES;
				CLANG_ANALYZER_NUMBER_OBJECT_CONVERSION = YES_AGGRESSIVE;
				CLANG_CXX_LANGUAGE_STANDARD = "gnu++14";
				CLANG_CXX_LIBRARY = "libc++";
				CLANG_ENABLE_MODULES = YES;
				CLANG_ENABLE_OBJC_ARC = YES;
				CLANG_ENABLE_OBJC_WEAK = YES;
				CLANG_WARN_BLOCK_CAPTURE_AUTORELEASING = YES;
				CLANG_WARN_BOOL_CONVERSION = YES;
				CLANG_WARN_COMMA = YES;
				CLANG_WARN_CONSTANT_CONVERSION = YES;
				CLANG_WARN_DEPRECATED_OBJC_IMPLEMENTATIONS = YES;
				CLANG_WARN_DIRECT_OBJC_ISA_USAGE = YES_ERROR;
				CLANG_WARN_DOCUMENTATION_COMMENTS = YES;
				CLANG_WARN_EMPTY_BODY = YES;
				CLANG_WARN_ENUM_CONVERSION = YES;
				CLANG_WARN_INFINITE_RECURSION = YES;
				CLANG_WARN_INT_CONVERSION = YES;
				CLANG_WARN_NON_LITERAL_NULL_CONVERSION = YES;
				CLANG_WARN_OBJC_IMPLICIT_RETAIN_SELF = YES;
				CLANG_WARN_OBJC_LITERAL_CONVERSION = YES;
				CLANG_WARN_OBJC_ROOT_CLASS = YES_ERROR;
				CLANG_WARN_QUOTED_INCLUDE_IN_FRAMEWORK_HEADER = YES;
				CLANG_WARN_RANGE_LOOP_ANALYSIS = YES;
				CLANG_WARN_STRICT_PROTOTYPES = YES;
				CLANG_WARN_SUSPICIOUS_MOVE = YES;
				CLANG_WARN_UNGUARDED_AVAILABILITY = YES_AGGRESSIVE;
				CLANG_WARN_UNREACHABLE_CODE = YES;
				CLANG_WARN__DUPLICATE_METHOD_MATCH = YES;
				COPY_PHASE_STRIP = NO;
				DEBUG_INFORMATION_FORMAT = dwarf;
				ENABLE_STRICT_OBJC_MSGSEND = YES;
				ENABLE_TESTABILITY = YES;
				GCC_C_LANGUAGE_STANDARD = gnu11;
				GCC_DYNAMIC_NO_PIC = NO;
				GCC_NO_COMMON_BLOCKS = YES;
				GCC_OPTIMIZATION_LEVEL = 0;
				GCC_PREPROCESSOR_DEFINITIONS = (
					"DEBUG=1",
					"$(inherited)",
				);
				GCC_WARN_64_TO_32_BIT_CONVERSION = YES;
				GCC_WARN_ABOUT_RETURN_TYPE = YES_ERROR;
				GCC_WARN_UNDECLARED_SELECTOR = YES;
				GCC_WARN_UNINITIALIZED_AUTOS = YES_AGGRESSIVE;
				GCC_WARN_UNUSED_FUNCTION = YES;
				GCC_WARN_UNUSED_VARIABLE = YES;
				MTL_ENABLE_DEBUG_INFO = INCLUDE_SOURCE;
				MTL_FAST_MATH = YES;
				ONLY_ACTIVE_ARCH = YES;
				SWIFT_ACTIVE_COMPILATION_CONDITIONS = DEBUG;
				SWIFT_OPTIMIZATION_LEVEL = "-Onone";
			};
			name = Debug;
		};
		BBB7E74A25DD89D80093B47F /* Release */ = {
			isa = XCBuildConfiguration;
			buildSettings = {
				ALWAYS_SEARCH_USER_PATHS = NO;
				CLANG_ANALYZER_NONNULL = YES;
				CLANG_ANALYZER_NUMBER_OBJECT_CONVERSION = YES_AGGRESSIVE;
				CLANG_CXX_LANGUAGE_STANDARD = "gnu++14";
				CLANG_CXX_LIBRARY = "libc++";
				CLANG_ENABLE_MODULES = YES;
				CLANG_ENABLE_OBJC_ARC = YES;
				CLANG_ENABLE_OBJC_WEAK = YES;
				CLANG_WARN_BLOCK_CAPTURE_AUTORELEASING = YES;
				CLANG_WARN_BOOL_CONVERSION = YES;
				CLANG_WARN_COMMA = YES;
				CLANG_WARN_CONSTANT_CONVERSION = YES;
				CLANG_WARN_DEPRECATED_OBJC_IMPLEMENTATIONS = YES;
				CLANG_WARN_DIRECT_OBJC_ISA_USAGE = YES_ERROR;
				CLANG_WARN_DOCUMENTATION_COMMENTS = YES;
				CLANG_WARN_EMPTY_BODY = YES;
				CLANG_WARN_ENUM_CONVERSION = YES;
				CLANG_WARN_INFINITE_RECURSION = YES;
				CLANG_WARN_INT_CONVERSION = YES;
				CLANG_WARN_NON_LITERAL_NULL_CONVERSION = YES;
				CLANG_WARN_OBJC_IMPLICIT_RETAIN_SELF = YES;
				CLANG_WARN_OBJC_LITERAL_CONVERSION = YES;
				CLANG_WARN_OBJC_ROOT_CLASS = YES_ERROR;
				CLANG_WARN_QUOTED_INCLUDE_IN_FRAMEWORK_HEADER = YES;
				CLANG_WARN_RANGE_LOOP_ANALYSIS = YES;
				CLANG_WARN_STRICT_PROTOTYPES = YES;
				CLANG_WARN_SUSPICIOUS_MOVE = YES;
				CLANG_WARN_UNGUARDED_AVAILABILITY = YES_AGGRESSIVE;
				CLANG_WARN_UNREACHABLE_CODE = YES;
				CLANG_WARN__DUPLICATE_METHOD_MATCH = YES;
				COPY_PHASE_STRIP = NO;
				DEBUG_INFORMATION_FORMAT = "dwarf-with-dsym";
				ENABLE_NS_ASSERTIONS = NO;
				ENABLE_STRICT_OBJC_MSGSEND = YES;
				GCC_C_LANGUAGE_STANDARD = gnu11;
				GCC_NO_COMMON_BLOCKS = YES;
				GCC_WARN_64_TO_32_BIT_CONVERSION = YES;
				GCC_WARN_ABOUT_RETURN_TYPE = YES_ERROR;
				GCC_WARN_UNDECLARED_SELECTOR = YES;
				GCC_WARN_UNINITIALIZED_AUTOS = YES_AGGRESSIVE;
				GCC_WARN_UNUSED_FUNCTION = YES;
				GCC_WARN_UNUSED_VARIABLE = YES;
				MTL_ENABLE_DEBUG_INFO = NO;
				MTL_FAST_MATH = YES;
				SWIFT_COMPILATION_MODE = wholemodule;
				SWIFT_OPTIMIZATION_LEVEL = "-O";
			};
			name = Release;
		};
		BBB7E74C25DD89D80093B47F /* Debug */ = {
			isa = XCBuildConfiguration;
			buildSettings = {
				ASSETCATALOG_COMPILER_APPICON_NAME = AppIcon;
				ASSETCATALOG_COMPILER_GLOBAL_ACCENT_COLOR_NAME = AccentColor;
				CODE_SIGN_STYLE = Automatic;
				DEVELOPMENT_TEAM = 66TVRTPQ3V;
				ENABLE_PREVIEWS = YES;
				INFOPLIST_FILE = iOS/Info.plist;
				IPHONEOS_DEPLOYMENT_TARGET = 14.0;
				LD_RUNPATH_SEARCH_PATHS = (
					"$(inherited)",
					"@executable_path/Frameworks",
				);
				PRODUCT_BUNDLE_IDENTIFIER = Dustin.V01D.Olsen.HWSfriendBookChallenge;
				PRODUCT_NAME = HWSfriendBookChallenge;
				SDKROOT = iphoneos;
				SWIFT_VERSION = 5.0;
				TARGETED_DEVICE_FAMILY = "1,2";
			};
			name = Debug;
		};
		BBB7E74D25DD89D80093B47F /* Release */ = {
			isa = XCBuildConfiguration;
			buildSettings = {
				ASSETCATALOG_COMPILER_APPICON_NAME = AppIcon;
				ASSETCATALOG_COMPILER_GLOBAL_ACCENT_COLOR_NAME = AccentColor;
				CODE_SIGN_STYLE = Automatic;
				DEVELOPMENT_TEAM = 66TVRTPQ3V;
				ENABLE_PREVIEWS = YES;
				INFOPLIST_FILE = iOS/Info.plist;
				IPHONEOS_DEPLOYMENT_TARGET = 14.0;
				LD_RUNPATH_SEARCH_PATHS = (
					"$(inherited)",
					"@executable_path/Frameworks",
				);
				PRODUCT_BUNDLE_IDENTIFIER = Dustin.V01D.Olsen.HWSfriendBookChallenge;
				PRODUCT_NAME = HWSfriendBookChallenge;
				SDKROOT = iphoneos;
				SWIFT_VERSION = 5.0;
				TARGETED_DEVICE_FAMILY = "1,2";
				VALIDATE_PRODUCT = YES;
			};
			name = Release;
		};
		BBB7E74F25DD89D80093B47F /* Debug */ = {
			isa = XCBuildConfiguration;
			buildSettings = {
				ASSETCATALOG_COMPILER_APPICON_NAME = AppIcon;
				ASSETCATALOG_COMPILER_GLOBAL_ACCENT_COLOR_NAME = AccentColor;
				CODE_SIGN_ENTITLEMENTS = macOS/macOS.entitlements;
				CODE_SIGN_STYLE = Automatic;
				COMBINE_HIDPI_IMAGES = YES;
				DEVELOPMENT_TEAM = 66TVRTPQ3V;
				ENABLE_HARDENED_RUNTIME = YES;
				ENABLE_PREVIEWS = YES;
				INFOPLIST_FILE = macOS/Info.plist;
				LD_RUNPATH_SEARCH_PATHS = (
					"$(inherited)",
					"@executable_path/../Frameworks",
				);
				MACOSX_DEPLOYMENT_TARGET = 11.0;
				PRODUCT_BUNDLE_IDENTIFIER = Dustin.V01D.Olsen.HWSfriendBookChallenge;
				PRODUCT_NAME = HWSfriendBookChallenge;
				SDKROOT = macosx;
				SWIFT_VERSION = 5.0;
			};
			name = Debug;
		};
		BBB7E75025DD89D80093B47F /* Release */ = {
			isa = XCBuildConfiguration;
			buildSettings = {
				ASSETCATALOG_COMPILER_APPICON_NAME = AppIcon;
				ASSETCATALOG_COMPILER_GLOBAL_ACCENT_COLOR_NAME = AccentColor;
				CODE_SIGN_ENTITLEMENTS = macOS/macOS.entitlements;
				CODE_SIGN_STYLE = Automatic;
				COMBINE_HIDPI_IMAGES = YES;
				DEVELOPMENT_TEAM = 66TVRTPQ3V;
				ENABLE_HARDENED_RUNTIME = YES;
				ENABLE_PREVIEWS = YES;
				INFOPLIST_FILE = macOS/Info.plist;
				LD_RUNPATH_SEARCH_PATHS = (
					"$(inherited)",
					"@executable_path/../Frameworks",
				);
				MACOSX_DEPLOYMENT_TARGET = 11.0;
				PRODUCT_BUNDLE_IDENTIFIER = Dustin.V01D.Olsen.HWSfriendBookChallenge;
				PRODUCT_NAME = HWSfriendBookChallenge;
				SDKROOT = macosx;
				SWIFT_VERSION = 5.0;
			};
			name = Release;
		};
/* End XCBuildConfiguration section */

/* Begin XCConfigurationList section */
		BBB7E72E25DD89D60093B47F /* Build configuration list for PBXProject "HWSfriendBookChallenge" */ = {
			isa = XCConfigurationList;
			buildConfigurations = (
				BBB7E74925DD89D80093B47F /* Debug */,
				BBB7E74A25DD89D80093B47F /* Release */,
			);
			defaultConfigurationIsVisible = 0;
			defaultConfigurationName = Release;
		};
		BBB7E74B25DD89D80093B47F /* Build configuration list for PBXNativeTarget "HWSfriendBookChallenge (iOS)" */ = {
			isa = XCConfigurationList;
			buildConfigurations = (
				BBB7E74C25DD89D80093B47F /* Debug */,
				BBB7E74D25DD89D80093B47F /* Release */,
			);
			defaultConfigurationIsVisible = 0;
			defaultConfigurationName = Release;
		};
		BBB7E74E25DD89D80093B47F /* Build configuration list for PBXNativeTarget "HWSfriendBookChallenge (macOS)" */ = {
			isa = XCConfigurationList;
			buildConfigurations = (
				BBB7E74F25DD89D80093B47F /* Debug */,
				BBB7E75025DD89D80093B47F /* Release */,
			);
			defaultConfigurationIsVisible = 0;
			defaultConfigurationName = Release;
		};
/* End XCConfigurationList section */
	};
	rootObject = BBB7E72B25DD89D60093B47F /* Project object */;
}
